
Microsoft Visual Studio Solution File, Format Version 12.00
# Visual Studio Version 17
VisualStudioVersion = 17.2.32526.322
MinimumVisualStudioVersion = 10.0.40219.1
Project("{9A19103F-16F7-4668-BE54-9A1E7A4F7556}") = "Loan_API", "Loan_API\Loan_API.csproj", "{194DB751-A0B4-4F92-8BD9-AB91593F4AFE}"
EndProject
Project("{9A19103F-16F7-4668-BE54-9A1E7A4F7556}") = "Loan_API.Domain", "Loan_API.Domain\Loan_API.Domain.csproj", "{71CF83BF-5313-4F09-89B3-36990509B2A6}"
EndProject
Project("{9A19103F-16F7-4668-BE54-9A1E7A4F7556}") = "Loan_API.Application", "Loan_API.Application\Loan_API.Application.csproj", "{CA038BCB-C32B-4548-9C2E-5EB20F84D202}"
EndProject
Project("{9A19103F-16F7-4668-BE54-9A1E7A4F7556}") = "Loan_API.Infrastructure", "Loan_API.Infrastructure\Loan_API.Infrastructure.csproj", "{6FB7032F-3550-49C8-B896-705C1E8DDA4D}"
EndProject
Project("{FAE04EC0-301F-11D3-BF4B-00C04F79EFBC}") = "Loan_API_XUnit_Tests", "Loan_API_XUnit_Tests\Loan_API_XUnit_Tests.csproj", "{FC1A767C-E63C-49F6-88C5-FA6CD2A70DB6}"
EndProject
Global
	GlobalSection(SolutionConfigurationPlatforms) = preSolution
		Debug|Any CPU = Debug|Any CPU
		Release|Any CPU = Release|Any CPU
	EndGlobalSection
	GlobalSection(ProjectConfigurationPlatforms) = postSolution
		{194DB751-A0B4-4F92-8BD9-AB91593F4AFE}.Debug|Any CPU.ActiveCfg = Debug|Any CPU
		{194DB751-A0B4-4F92-8BD9-AB91593F4AFE}.Debug|Any CPU.Build.0 = Debug|Any CPU
		{194DB751-A0B4-4F92-8BD9-AB91593F4AFE}.Release|Any CPU.ActiveCfg = Release|Any CPU
		{194DB751-A0B4-4F92-8BD9-AB91593F4AFE}.Release|Any CPU.Build.0 = Release|Any CPU
		{71CF83BF-5313-4F09-89B3-36990509B2A6}.Debug|Any CPU.ActiveCfg = Debug|Any CPU
		{71CF83BF-5313-4F09-89B3-36990509B2A6}.Debug|Any CPU.Build.0 = Debug|Any CPU
		{71CF83BF-5313-4F09-89B3-36990509B2A6}.Release|Any CPU.ActiveCfg = Release|Any CPU
		{71CF83BF-5313-4F09-89B3-36990509B2A6}.Release|Any CPU.Build.0 = Release|Any CPU
		{CA038BCB-C32B-4548-9C2E-5EB20F84D202}.Debug|Any CPU.ActiveCfg = Debug|Any CPU
		{CA038BCB-C32B-4548-9C2E-5EB20F84D202}.Debug|Any CPU.Build.0 = Debug|Any CPU
		{CA038BCB-C32B-4548-9C2E-5EB20F84D202}.Release|Any CPU.ActiveCfg = Release|Any CPU
		{CA038BCB-C32B-4548-9C2E-5EB20F84D202}.Release|Any CPU.Build.0 = Release|Any CPU
		{6FB7032F-3550-49C8-B896-705C1E8DDA4D}.Debug|Any CPU.ActiveCfg = Debug|Any CPU
		{6FB7032F-3550-49C8-B896-705C1E8DDA4D}.Debug|Any CPU.Build.0 = Debug|Any CPU
		{6FB7032F-3550-49C8-B896-705C1E8DDA4D}.Release|Any CPU.ActiveCfg = Release|Any CPU
		{6FB7032F-3550-49C8-B896-705C1E8DDA4D}.Release|Any CPU.Build.0 = Release|Any CPU
		{FC1A767C-E63C-49F6-88C5-FA6CD2A70DB6}.Debug|Any CPU.ActiveCfg = Debug|Any CPU
		{FC1A767C-E63C-49F6-88C5-FA6CD2A70DB6}.Debug|Any CPU.Build.0 = Debug|Any CPU
		{FC1A767C-E63C-49F6-88C5-FA6CD2A70DB6}.Release|Any CPU.ActiveCfg = Release|Any CPU
		{FC1A767C-E63C-49F6-88C5-FA6CD2A70DB6}.Release|Any CPU.Build.0 = Release|Any CPU
	EndGlobalSection
	GlobalSection(SolutionProperties) = preSolution
		HideSolutionNode = FALSE
	EndGlobalSection
	GlobalSection(ExtensibilityGlobals) = postSolution
		SolutionGuid = {559ECE91-7579-47CA-A30E-9B6DA77AA292}
	EndGlobalSection
EndGlobal
